// !$*UTF8*$!
{
	archiveVersion = 1;
	classes = {
	};
	objectVersion = 46;
	objects = {

/* Begin PBXBuildFile section */
		54167AEB1E560F55000C4444 /* main.m in Sources */ = {isa = PBXBuildFile; fileRef = 54167AEA1E560F55000C4444 /* main.m */; };
		54167AEE1E560F55000C4444 /* AppDelegate.m in Sources */ = {isa = PBXBuildFile; fileRef = 54167AED1E560F55000C4444 /* AppDelegate.m */; };
		54167AF41E560F55000C4444 /* Main.storyboard in Resources */ = {isa = PBXBuildFile; fileRef = 54167AF21E560F55000C4444 /* Main.storyboard */; };
		54167AF61E560F55000C4444 /* Assets.xcassets in Resources */ = {isa = PBXBuildFile; fileRef = 54167AF51E560F55000C4444 /* Assets.xcassets */; };
		54167AF91E560F55000C4444 /* LaunchScreen.storyboard in Resources */ = {isa = PBXBuildFile; fileRef = 54167AF71E560F55000C4444 /* LaunchScreen.storyboard */; };
		54167B041E560F55000C4444 /* RSSReaderTests.m in Sources */ = {isa = PBXBuildFile; fileRef = 54167B031E560F55000C4444 /* RSSReaderTests.m */; };
		54167B0F1E560F55000C4444 /* RSSReaderUITests.m in Sources */ = {isa = PBXBuildFile; fileRef = 54167B0E1E560F55000C4444 /* RSSReaderUITests.m */; };
		54167B2C1E570E62000C4444 /* NewsListInteractor.m in Sources */ = {isa = PBXBuildFile; fileRef = 54167B2B1E570E62000C4444 /* NewsListInteractor.m */; };
		54167B311E57121A000C4444 /* XMLParserImplementation.m in Sources */ = {isa = PBXBuildFile; fileRef = 54167B301E57121A000C4444 /* XMLParserImplementation.m */; };
		54167B361E5746E6000C4444 /* NewsListViewController.m in Sources */ = {isa = PBXBuildFile; fileRef = 54167B351E5746E6000C4444 /* NewsListViewController.m */; };
		54167B3A1E575C19000C4444 /* NewsListPresenter.m in Sources */ = {isa = PBXBuildFile; fileRef = 54167B391E575C19000C4444 /* NewsListPresenter.m */; };
		54973AA11E598A6C008012F2 /* TopMostHUDManager.m in Sources */ = {isa = PBXBuildFile; fileRef = 54973AA01E598A6C008012F2 /* TopMostHUDManager.m */; };
		54973AA41E599CDB008012F2 /* Localizable.strings in Resources */ = {isa = PBXBuildFile; fileRef = 54973AA61E599CDB008012F2 /* Localizable.strings */; };
		54973AAE1E59A811008012F2 /* ErrorHandler.m in Sources */ = {isa = PBXBuildFile; fileRef = 54973AAD1E59A811008012F2 /* ErrorHandler.m */; };
		54973AB21E59AC16008012F2 /* AlertHelper.m in Sources */ = {isa = PBXBuildFile; fileRef = 54973AB11E59AC16008012F2 /* AlertHelper.m */; };
		54973AC21E5A35FA008012F2 /* NSDate+Extension.m in Sources */ = {isa = PBXBuildFile; fileRef = 54973AC11E5A35FA008012F2 /* NSDate+Extension.m */; };
		54973AD31E5E3205008012F2 /* Constant.m in Sources */ = {isa = PBXBuildFile; fileRef = 54973AD21E5E3205008012F2 /* Constant.m */; };
		54E0CF0C1E5776CA0067384E /* NewsListDataDisplayManager.m in Sources */ = {isa = PBXBuildFile; fileRef = 54E0CF0B1E5776CA0067384E /* NewsListDataDisplayManager.m */; };
		54E0CF151E578EBF0067384E /* NewsListTableViewCell.m in Sources */ = {isa = PBXBuildFile; fileRef = 54E0CF141E578EBF0067384E /* NewsListTableViewCell.m */; };
		54E0CF1C1E579CD60067384E /* NewsTableViewCellObject.m in Sources */ = {isa = PBXBuildFile; fileRef = 54E0CF1B1E579CD60067384E /* NewsTableViewCellObject.m */; };
		54E0CF251E583DB70067384E /* NewsListAssembly.m in Sources */ = {isa = PBXBuildFile; fileRef = 54E0CF241E583DB70067384E /* NewsListAssembly.m */; };
		54E0CF2C1E5873770067384E /* NSString+Extension.m in Sources */ = {isa = PBXBuildFile; fileRef = 54E0CF2B1E5873770067384E /* NSString+Extension.m */; };
		9DBFB9F4872DAB1B69DD6037 /* Pods_RSSReader.framework in Frameworks */ = {isa = PBXBuildFile; fileRef = D79C3AA3804049738AF38C22 /* Pods_RSSReader.framework */; };
/* End PBXBuildFile section */

/* Begin PBXContainerItemProxy section */
		54167B001E560F55000C4444 /* PBXContainerItemProxy */ = {
			isa = PBXContainerItemProxy;
			containerPortal = 54167ADE1E560F55000C4444 /* Project object */;
			proxyType = 1;
			remoteGlobalIDString = 54167AE51E560F55000C4444;
			remoteInfo = RSSReader;
		};
		54167B0B1E560F55000C4444 /* PBXContainerItemProxy */ = {
			isa = PBXContainerItemProxy;
			containerPortal = 54167ADE1E560F55000C4444 /* Project object */;
			proxyType = 1;
			remoteGlobalIDString = 54167AE51E560F55000C4444;
			remoteInfo = RSSReader;
		};
/* End PBXContainerItemProxy section */

/* Begin PBXFileReference section */
		3AE1F56D65E2E15209A09D27 /* Pods-RSSReader.release.xcconfig */ = {isa = PBXFileReference; includeInIndex = 1; lastKnownFileType = text.xcconfig; name = "Pods-RSSReader.release.xcconfig"; path = "Pods/Target Support Files/Pods-RSSReader/Pods-RSSReader.release.xcconfig"; sourceTree = "<group>"; };
		54167AE61E560F55000C4444 /* RSSReader.app */ = {isa = PBXFileReference; explicitFileType = wrapper.application; includeInIndex = 0; path = RSSReader.app; sourceTree = BUILT_PRODUCTS_DIR; };
		54167AEA1E560F55000C4444 /* main.m */ = {isa = PBXFileReference; lastKnownFileType = sourcecode.c.objc; path = main.m; sourceTree = "<group>"; };
		54167AEC1E560F55000C4444 /* AppDelegate.h */ = {isa = PBXFileReference; lastKnownFileType = sourcecode.c.h; path = AppDelegate.h; sourceTree = "<group>"; };
		54167AED1E560F55000C4444 /* AppDelegate.m */ = {isa = PBXFileReference; lastKnownFileType = sourcecode.c.objc; path = AppDelegate.m; sourceTree = "<group>"; };
		54167AF31E560F55000C4444 /* Base */ = {isa = PBXFileReference; lastKnownFileType = file.storyboard; name = Base; path = Base.lproj/Main.storyboard; sourceTree = "<group>"; };
		54167AF51E560F55000C4444 /* Assets.xcassets */ = {isa = PBXFileReference; lastKnownFileType = folder.assetcatalog; path = Assets.xcassets; sourceTree = "<group>"; };
		54167AF81E560F55000C4444 /* Base */ = {isa = PBXFileReference; lastKnownFileType = file.storyboard; name = Base; path = Base.lproj/LaunchScreen.storyboard; sourceTree = "<group>"; };
		54167AFA1E560F55000C4444 /* Info.plist */ = {isa = PBXFileReference; lastKnownFileType = text.plist.xml; path = Info.plist; sourceTree = "<group>"; };
		54167AFF1E560F55000C4444 /* RSSReaderTests.xctest */ = {isa = PBXFileReference; explicitFileType = wrapper.cfbundle; includeInIndex = 0; path = RSSReaderTests.xctest; sourceTree = BUILT_PRODUCTS_DIR; };
		54167B031E560F55000C4444 /* RSSReaderTests.m */ = {isa = PBXFileReference; lastKnownFileType = sourcecode.c.objc; path = RSSReaderTests.m; sourceTree = "<group>"; };
		54167B051E560F55000C4444 /* Info.plist */ = {isa = PBXFileReference; lastKnownFileType = text.plist.xml; path = Info.plist; sourceTree = "<group>"; };
		54167B0A1E560F55000C4444 /* RSSReaderUITests.xctest */ = {isa = PBXFileReference; explicitFileType = wrapper.cfbundle; includeInIndex = 0; path = RSSReaderUITests.xctest; sourceTree = BUILT_PRODUCTS_DIR; };
		54167B0E1E560F55000C4444 /* RSSReaderUITests.m */ = {isa = PBXFileReference; lastKnownFileType = sourcecode.c.objc; path = RSSReaderUITests.m; sourceTree = "<group>"; };
		54167B101E560F55000C4444 /* Info.plist */ = {isa = PBXFileReference; lastKnownFileType = text.plist.xml; path = Info.plist; sourceTree = "<group>"; };
		54167B291E570DB0000C4444 /* NewsListInteractorInput.h */ = {isa = PBXFileReference; fileEncoding = 4; lastKnownFileType = sourcecode.c.h; path = NewsListInteractorInput.h; sourceTree = "<group>"; };
		54167B2A1E570E62000C4444 /* NewsListInteractor.h */ = {isa = PBXFileReference; fileEncoding = 4; lastKnownFileType = sourcecode.c.h; path = NewsListInteractor.h; sourceTree = "<group>"; };
		54167B2B1E570E62000C4444 /* NewsListInteractor.m */ = {isa = PBXFileReference; fileEncoding = 4; lastKnownFileType = sourcecode.c.objc; path = NewsListInteractor.m; sourceTree = "<group>"; };
		54167B2D1E570F34000C4444 /* NewsListInteractorOutput.h */ = {isa = PBXFileReference; fileEncoding = 4; lastKnownFileType = sourcecode.c.h; path = NewsListInteractorOutput.h; sourceTree = "<group>"; };
		54167B2F1E57121A000C4444 /* XMLParserImplementation.h */ = {isa = PBXFileReference; fileEncoding = 4; lastKnownFileType = sourcecode.c.h; path = XMLParserImplementation.h; sourceTree = "<group>"; };
		54167B301E57121A000C4444 /* XMLParserImplementation.m */ = {isa = PBXFileReference; fileEncoding = 4; lastKnownFileType = sourcecode.c.objc; path = XMLParserImplementation.m; sourceTree = "<group>"; };
		54167B321E57125E000C4444 /* XMLParser.h */ = {isa = PBXFileReference; fileEncoding = 4; lastKnownFileType = sourcecode.c.h; path = XMLParser.h; sourceTree = "<group>"; };
		54167B331E57462B000C4444 /* NewsListViewInput.h */ = {isa = PBXFileReference; fileEncoding = 4; lastKnownFileType = sourcecode.c.h; path = NewsListViewInput.h; sourceTree = "<group>"; };
		54167B341E5746E6000C4444 /* NewsListViewController.h */ = {isa = PBXFileReference; fileEncoding = 4; lastKnownFileType = sourcecode.c.h; path = NewsListViewController.h; sourceTree = "<group>"; };
		54167B351E5746E6000C4444 /* NewsListViewController.m */ = {isa = PBXFileReference; fileEncoding = 4; lastKnownFileType = sourcecode.c.objc; path = NewsListViewController.m; sourceTree = "<group>"; };
		54167B371E574847000C4444 /* NewsListViewOutput.h */ = {isa = PBXFileReference; fileEncoding = 4; lastKnownFileType = sourcecode.c.h; path = NewsListViewOutput.h; sourceTree = "<group>"; };
		54167B381E575C19000C4444 /* NewsListPresenter.h */ = {isa = PBXFileReference; fileEncoding = 4; lastKnownFileType = sourcecode.c.h; path = NewsListPresenter.h; sourceTree = "<group>"; };
		54167B391E575C19000C4444 /* NewsListPresenter.m */ = {isa = PBXFileReference; fileEncoding = 4; lastKnownFileType = sourcecode.c.objc; path = NewsListPresenter.m; sourceTree = "<group>"; };
		54973A9F1E598A6C008012F2 /* TopMostHUDManager.h */ = {isa = PBXFileReference; fileEncoding = 4; lastKnownFileType = sourcecode.c.h; path = TopMostHUDManager.h; sourceTree = "<group>"; };
		54973AA01E598A6C008012F2 /* TopMostHUDManager.m */ = {isa = PBXFileReference; fileEncoding = 4; lastKnownFileType = sourcecode.c.objc; path = TopMostHUDManager.m; sourceTree = "<group>"; };
		54973AA51E599CDB008012F2 /* Base */ = {isa = PBXFileReference; lastKnownFileType = text.plist.strings; name = Base; path = Base.lproj/Localizable.strings; sourceTree = "<group>"; };
		54973AA71E599D89008012F2 /* ru */ = {isa = PBXFileReference; lastKnownFileType = text.plist.strings; name = ru; path = ru.lproj/Main.strings; sourceTree = "<group>"; };
		54973AA81E599D89008012F2 /* ru */ = {isa = PBXFileReference; lastKnownFileType = text.plist.strings; name = ru; path = ru.lproj/LaunchScreen.strings; sourceTree = "<group>"; };
		54973AA91E599D89008012F2 /* ru */ = {isa = PBXFileReference; lastKnownFileType = text.plist.strings; name = ru; path = ru.lproj/Localizable.strings; sourceTree = "<group>"; };
		54973AAA1E599F58008012F2 /* PrefixHeader.pch */ = {isa = PBXFileReference; lastKnownFileType = sourcecode.c.h; path = PrefixHeader.pch; sourceTree = "<group>"; };
		54973AAC1E59A811008012F2 /* ErrorHandler.h */ = {isa = PBXFileReference; fileEncoding = 4; lastKnownFileType = sourcecode.c.h; path = ErrorHandler.h; sourceTree = "<group>"; };
		54973AAD1E59A811008012F2 /* ErrorHandler.m */ = {isa = PBXFileReference; fileEncoding = 4; lastKnownFileType = sourcecode.c.objc; path = ErrorHandler.m; sourceTree = "<group>"; };
		54973AB01E59AC16008012F2 /* AlertHelper.h */ = {isa = PBXFileReference; fileEncoding = 4; lastKnownFileType = sourcecode.c.h; path = AlertHelper.h; sourceTree = "<group>"; };
		54973AB11E59AC16008012F2 /* AlertHelper.m */ = {isa = PBXFileReference; fileEncoding = 4; lastKnownFileType = sourcecode.c.objc; path = AlertHelper.m; sourceTree = "<group>"; };
		54973AC01E5A35FA008012F2 /* NSDate+Extension.h */ = {isa = PBXFileReference; fileEncoding = 4; lastKnownFileType = sourcecode.c.h; path = "NSDate+Extension.h"; sourceTree = "<group>"; };
		54973AC11E5A35FA008012F2 /* NSDate+Extension.m */ = {isa = PBXFileReference; fileEncoding = 4; lastKnownFileType = sourcecode.c.objc; path = "NSDate+Extension.m"; sourceTree = "<group>"; };
		54973ACA1E5B6633008012F2 /* Constant.h */ = {isa = PBXFileReference; fileEncoding = 4; lastKnownFileType = sourcecode.c.h; path = Constant.h; sourceTree = "<group>"; };
		54973AD21E5E3205008012F2 /* Constant.m */ = {isa = PBXFileReference; fileEncoding = 4; lastKnownFileType = sourcecode.c.objc; path = Constant.m; sourceTree = "<group>"; };
		54E0CF0A1E5776CA0067384E /* NewsListDataDisplayManager.h */ = {isa = PBXFileReference; fileEncoding = 4; lastKnownFileType = sourcecode.c.h; path = NewsListDataDisplayManager.h; sourceTree = "<group>"; };
		54E0CF0B1E5776CA0067384E /* NewsListDataDisplayManager.m */ = {isa = PBXFileReference; fileEncoding = 4; lastKnownFileType = sourcecode.c.objc; path = NewsListDataDisplayManager.m; sourceTree = "<group>"; };
		54E0CF131E578EBF0067384E /* NewsListTableViewCell.h */ = {isa = PBXFileReference; fileEncoding = 4; lastKnownFileType = sourcecode.c.h; path = NewsListTableViewCell.h; sourceTree = "<group>"; };
		54E0CF141E578EBF0067384E /* NewsListTableViewCell.m */ = {isa = PBXFileReference; fileEncoding = 4; lastKnownFileType = sourcecode.c.objc; path = NewsListTableViewCell.m; sourceTree = "<group>"; };
		54E0CF171E579B9F0067384E /* NewsListConfigurableCell.h */ = {isa = PBXFileReference; fileEncoding = 4; lastKnownFileType = sourcecode.c.h; path = NewsListConfigurableCell.h; sourceTree = "<group>"; };
		54E0CF1A1E579CD60067384E /* NewsTableViewCellObject.h */ = {isa = PBXFileReference; fileEncoding = 4; lastKnownFileType = sourcecode.c.h; path = NewsTableViewCellObject.h; sourceTree = "<group>"; };
		54E0CF1B1E579CD60067384E /* NewsTableViewCellObject.m */ = {isa = PBXFileReference; fileEncoding = 4; lastKnownFileType = sourcecode.c.objc; path = NewsTableViewCellObject.m; sourceTree = "<group>"; };
		54E0CF1E1E579D110067384E /* CellObject.h */ = {isa = PBXFileReference; fileEncoding = 4; lastKnownFileType = sourcecode.c.h; path = CellObject.h; sourceTree = "<group>"; };
		54E0CF231E583DB70067384E /* NewsListAssembly.h */ = {isa = PBXFileReference; fileEncoding = 4; lastKnownFileType = sourcecode.c.h; path = NewsListAssembly.h; sourceTree = "<group>"; };
		54E0CF241E583DB70067384E /* NewsListAssembly.m */ = {isa = PBXFileReference; fileEncoding = 4; lastKnownFileType = sourcecode.c.objc; path = NewsListAssembly.m; sourceTree = "<group>"; };
		54E0CF2A1E5873770067384E /* NSString+Extension.h */ = {isa = PBXFileReference; fileEncoding = 4; lastKnownFileType = sourcecode.c.h; path = "NSString+Extension.h"; sourceTree = "<group>"; };
		54E0CF2B1E5873770067384E /* NSString+Extension.m */ = {isa = PBXFileReference; fileEncoding = 4; lastKnownFileType = sourcecode.c.objc; path = "NSString+Extension.m"; sourceTree = "<group>"; };
		C099F0ADBC13FE98D919CDDC /* Pods-RSSReader.debug.xcconfig */ = {isa = PBXFileReference; includeInIndex = 1; lastKnownFileType = text.xcconfig; name = "Pods-RSSReader.debug.xcconfig"; path = "Pods/Target Support Files/Pods-RSSReader/Pods-RSSReader.debug.xcconfig"; sourceTree = "<group>"; };
		D79C3AA3804049738AF38C22 /* Pods_RSSReader.framework */ = {isa = PBXFileReference; explicitFileType = wrapper.framework; includeInIndex = 0; path = Pods_RSSReader.framework; sourceTree = BUILT_PRODUCTS_DIR; };
/* End PBXFileReference section */

/* Begin PBXFrameworksBuildPhase section */
		54167AE31E560F55000C4444 /* Frameworks */ = {
			isa = PBXFrameworksBuildPhase;
			buildActionMask = 2147483647;
			files = (
				9DBFB9F4872DAB1B69DD6037 /* Pods_RSSReader.framework in Frameworks */,
			);
			runOnlyForDeploymentPostprocessing = 0;
		};
		54167AFC1E560F55000C4444 /* Frameworks */ = {
			isa = PBXFrameworksBuildPhase;
			buildActionMask = 2147483647;
			files = (
			);
			runOnlyForDeploymentPostprocessing = 0;
		};
		54167B071E560F55000C4444 /* Frameworks */ = {
			isa = PBXFrameworksBuildPhase;
			buildActionMask = 2147483647;
			files = (
			);
			runOnlyForDeploymentPostprocessing = 0;
		};
/* End PBXFrameworksBuildPhase section */

/* Begin PBXGroup section */
		54167ADD1E560F55000C4444 = {
			isa = PBXGroup;
			children = (
				54167AE81E560F55000C4444 /* RSSReader */,
				54167B021E560F55000C4444 /* RSSReaderTests */,
				54167B0D1E560F55000C4444 /* RSSReaderUITests */,
				54167AE71E560F55000C4444 /* Products */,
				A2E996C99AE65C305F103E69 /* Pods */,
				5CD41FC4DE132991A1B35C3F /* Frameworks */,
			);
			sourceTree = "<group>";
		};
		54167AE71E560F55000C4444 /* Products */ = {
			isa = PBXGroup;
			children = (
				54167AE61E560F55000C4444 /* RSSReader.app */,
				54167AFF1E560F55000C4444 /* RSSReaderTests.xctest */,
				54167B0A1E560F55000C4444 /* RSSReaderUITests.xctest */,
			);
			name = Products;
			sourceTree = "<group>";
		};
		54167AE81E560F55000C4444 /* RSSReader */ = {
			isa = PBXGroup;
			children = (
				54973AC31E5B3A2A008012F2 /* Classes */,
				54973AC61E5B3B24008012F2 /* Resources */,
				54167AE91E560F55000C4444 /* Supporting Files */,
			);
			path = RSSReader;
			sourceTree = "<group>";
		};
		54167AE91E560F55000C4444 /* Supporting Files */ = {
			isa = PBXGroup;
			children = (
				54973AA61E599CDB008012F2 /* Localizable.strings */,
				54973AAA1E599F58008012F2 /* PrefixHeader.pch */,
				54167AEA1E560F55000C4444 /* main.m */,
			);
			name = "Supporting Files";
			sourceTree = "<group>";
		};
		54167B021E560F55000C4444 /* RSSReaderTests */ = {
			isa = PBXGroup;
			children = (
				54167B031E560F55000C4444 /* RSSReaderTests.m */,
				54167B051E560F55000C4444 /* Info.plist */,
			);
			path = RSSReaderTests;
			sourceTree = "<group>";
		};
		54167B0D1E560F55000C4444 /* RSSReaderUITests */ = {
			isa = PBXGroup;
			children = (
				54167B0E1E560F55000C4444 /* RSSReaderUITests.m */,
				54167B101E560F55000C4444 /* Info.plist */,
			);
			path = RSSReaderUITests;
			sourceTree = "<group>";
		};
		54167B1C1E56208D000C4444 /* NewsList */ = {
			isa = PBXGroup;
			children = (
				54167B1D1E5620AB000C4444 /* Assembly */,
				54167B1E1E5620B0000C4444 /* Interactor */,
				54167B1F1E5620BB000C4444 /* Presenter */,
				54167B201E5620C7000C4444 /* Router */,
				54167B211E5620CE000C4444 /* View */,
			);
			name = NewsList;
			sourceTree = "<group>";
		};
		54167B1D1E5620AB000C4444 /* Assembly */ = {
			isa = PBXGroup;
			children = (
				54E0CF231E583DB70067384E /* NewsListAssembly.h */,
				54E0CF241E583DB70067384E /* NewsListAssembly.m */,
			);
			name = Assembly;
			sourceTree = "<group>";
		};
		54167B1E1E5620B0000C4444 /* Interactor */ = {
			isa = PBXGroup;
			children = (
				54E0CF1D1E579D000067384E /* CellObject */,
				54E0CF181E579CA30067384E /* Models */,
				54167B2E1E57120F000C4444 /* XMLParser */,
				54167B2A1E570E62000C4444 /* NewsListInteractor.h */,
				54167B2B1E570E62000C4444 /* NewsListInteractor.m */,
				54167B291E570DB0000C4444 /* NewsListInteractorInput.h */,
			);
			name = Interactor;
			sourceTree = "<group>";
		};
		54167B1F1E5620BB000C4444 /* Presenter */ = {
			isa = PBXGroup;
			children = (
				54167B2D1E570F34000C4444 /* NewsListInteractorOutput.h */,
				54167B371E574847000C4444 /* NewsListViewOutput.h */,
				54167B381E575C19000C4444 /* NewsListPresenter.h */,
				54167B391E575C19000C4444 /* NewsListPresenter.m */,
			);
			name = Presenter;
			sourceTree = "<group>";
		};
		54167B201E5620C7000C4444 /* Router */ = {
			isa = PBXGroup;
			children = (
			);
			name = Router;
			sourceTree = "<group>";
		};
		54167B211E5620CE000C4444 /* View */ = {
			isa = PBXGroup;
			children = (
				54E0CF161E579B740067384E /* NewsListConfigurableCell */,
				54E0CF121E578E880067384E /* NewsListCell */,
				54E0CF091E5776B00067384E /* DataDisplayManager */,
				54167B331E57462B000C4444 /* NewsListViewInput.h */,
				54167B341E5746E6000C4444 /* NewsListViewController.h */,
				54167B351E5746E6000C4444 /* NewsListViewController.m */,
			);
			name = View;
			sourceTree = "<group>";
		};
		54167B2E1E57120F000C4444 /* XMLParser */ = {
			isa = PBXGroup;
			children = (
				54167B321E57125E000C4444 /* XMLParser.h */,
				54167B2F1E57121A000C4444 /* XMLParserImplementation.h */,
				54167B301E57121A000C4444 /* XMLParserImplementation.m */,
			);
			name = XMLParser;
			sourceTree = "<group>";
		};
		54973A9E1E598A0F008012F2 /* TopMostHUDManager */ = {
			isa = PBXGroup;
			children = (
				54973A9F1E598A6C008012F2 /* TopMostHUDManager.h */,
				54973AA01E598A6C008012F2 /* TopMostHUDManager.m */,
			);
			name = TopMostHUDManager;
			sourceTree = "<group>";
		};
		54973AAB1E59A7FE008012F2 /* ErrorHandler */ = {
			isa = PBXGroup;
			children = (
				54973AAC1E59A811008012F2 /* ErrorHandler.h */,
				54973AAD1E59A811008012F2 /* ErrorHandler.m */,
			);
			name = ErrorHandler;
			sourceTree = "<group>";
		};
		54973AAF1E59AC0B008012F2 /* AlertHelper */ = {
			isa = PBXGroup;
			children = (
				54973AB01E59AC16008012F2 /* AlertHelper.h */,
				54973AB11E59AC16008012F2 /* AlertHelper.m */,
			);
			name = AlertHelper;
			sourceTree = "<group>";
		};
		54973AB71E59AD9A008012F2 /* NSString */ = {
			isa = PBXGroup;
			children = (
				54E0CF2A1E5873770067384E /* NSString+Extension.h */,
				54E0CF2B1E5873770067384E /* NSString+Extension.m */,
			);
			name = NSString;
			sourceTree = "<group>";
		};
		54973ABF1E5A35D7008012F2 /* NSDate */ = {
			isa = PBXGroup;
			children = (
				54973AC01E5A35FA008012F2 /* NSDate+Extension.h */,
				54973AC11E5A35FA008012F2 /* NSDate+Extension.m */,
			);
			name = NSDate;
			sourceTree = "<group>";
		};
		54973AC31E5B3A2A008012F2 /* Classes */ = {
			isa = PBXGroup;
			children = (
				54973AC81E5B3C01008012F2 /* Storyboard */,
				54973AC71E5B3B8A008012F2 /* Application */,
				54973AC51E5B3A6A008012F2 /* Modules */,
				54973AC41E5B3A30008012F2 /* Common */,
			);
			name = Classes;
			sourceTree = "<group>";
		};
		54973AC41E5B3A30008012F2 /* Common */ = {
			isa = PBXGroup;
			children = (
				54973AC91E5B661C008012F2 /* Constants */,
				54973A9E1E598A0F008012F2 /* TopMostHUDManager */,
				54973AAB1E59A7FE008012F2 /* ErrorHandler */,
				54973AAF1E59AC0B008012F2 /* AlertHelper */,
				54E0CF1F1E57A6350067384E /* Extensions */,
			);
			name = Common;
			sourceTree = "<group>";
		};
		54973AC51E5B3A6A008012F2 /* Modules */ = {
			isa = PBXGroup;
			children = (
				54167B1C1E56208D000C4444 /* NewsList */,
			);
			name = Modules;
			sourceTree = "<group>";
		};
		54973AC61E5B3B24008012F2 /* Resources */ = {
			isa = PBXGroup;
			children = (
				54167AFA1E560F55000C4444 /* Info.plist */,
				54167AF51E560F55000C4444 /* Assets.xcassets */,
			);
			name = Resources;
			sourceTree = "<group>";
		};
		54973AC71E5B3B8A008012F2 /* Application */ = {
			isa = PBXGroup;
			children = (
				54167AEC1E560F55000C4444 /* AppDelegate.h */,
				54167AED1E560F55000C4444 /* AppDelegate.m */,
			);
			name = Application;
			sourceTree = "<group>";
		};
		54973AC81E5B3C01008012F2 /* Storyboard */ = {
			isa = PBXGroup;
			children = (
				54167AF21E560F55000C4444 /* Main.storyboard */,
				54167AF71E560F55000C4444 /* LaunchScreen.storyboard */,
			);
			name = Storyboard;
			sourceTree = "<group>";
		};
		54973AC91E5B661C008012F2 /* Constants */ = {
			isa = PBXGroup;
			children = (
				54973ACA1E5B6633008012F2 /* Constant.h */,
				54973AD21E5E3205008012F2 /* Constant.m */,
			);
			name = Constants;
			sourceTree = "<group>";
		};
		54E0CF091E5776B00067384E /* DataDisplayManager */ = {
			isa = PBXGroup;
			children = (
				54E0CF0A1E5776CA0067384E /* NewsListDataDisplayManager.h */,
				54E0CF0B1E5776CA0067384E /* NewsListDataDisplayManager.m */,
			);
			name = DataDisplayManager;
			sourceTree = "<group>";
		};
		54E0CF121E578E880067384E /* NewsListCell */ = {
			isa = PBXGroup;
			children = (
				54E0CF131E578EBF0067384E /* NewsListTableViewCell.h */,
				54E0CF141E578EBF0067384E /* NewsListTableViewCell.m */,
			);
			name = NewsListCell;
			sourceTree = "<group>";
		};
		54E0CF161E579B740067384E /* NewsListConfigurableCell */ = {
			isa = PBXGroup;
			children = (
				54E0CF171E579B9F0067384E /* NewsListConfigurableCell.h */,
			);
			name = NewsListConfigurableCell;
			sourceTree = "<group>";
		};
		54E0CF181E579CA30067384E /* Models */ = {
			isa = PBXGroup;
			children = (
				54E0CF191E579CB10067384E /* News */,
			);
			name = Models;
			sourceTree = "<group>";
		};
		54E0CF191E579CB10067384E /* News */ = {
			isa = PBXGroup;
			children = (
				54E0CF1A1E579CD60067384E /* NewsTableViewCellObject.h */,
				54E0CF1B1E579CD60067384E /* NewsTableViewCellObject.m */,
			);
			name = News;
			sourceTree = "<group>";
		};
		54E0CF1D1E579D000067384E /* CellObject */ = {
			isa = PBXGroup;
			children = (
				54E0CF1E1E579D110067384E /* CellObject.h */,
			);
			name = CellObject;
			sourceTree = "<group>";
		};
		54E0CF1F1E57A6350067384E /* Extensions */ = {
			isa = PBXGroup;
			children = (
				54973ABF1E5A35D7008012F2 /* NSDate */,
				54973AB71E59AD9A008012F2 /* NSString */,
			);
			name = Extensions;
			sourceTree = "<group>";
		};
		5CD41FC4DE132991A1B35C3F /* Frameworks */ = {
			isa = PBXGroup;
			children = (
				D79C3AA3804049738AF38C22 /* Pods_RSSReader.framework */,
			);
			name = Frameworks;
			sourceTree = "<group>";
		};
		A2E996C99AE65C305F103E69 /* Pods */ = {
			isa = PBXGroup;
			children = (
				C099F0ADBC13FE98D919CDDC /* Pods-RSSReader.debug.xcconfig */,
				3AE1F56D65E2E15209A09D27 /* Pods-RSSReader.release.xcconfig */,
			);
			name = Pods;
			sourceTree = "<group>";
		};
/* End PBXGroup section */

/* Begin PBXNativeTarget section */
		54167AE51E560F55000C4444 /* RSSReader */ = {
			isa = PBXNativeTarget;
			buildConfigurationList = 54167B131E560F56000C4444 /* Build configuration list for PBXNativeTarget "RSSReader" */;
			buildPhases = (
				4F25AD9DA44E3DACF9C89E09 /* [CP] Check Pods Manifest.lock */,
				54167AE21E560F55000C4444 /* Sources */,
				54167AE31E560F55000C4444 /* Frameworks */,
				54167AE41E560F55000C4444 /* Resources */,
				4425A13B5AE0BD009EB1B478 /* [CP] Embed Pods Frameworks */,
				5AC67EC5A8728BF80E016BA2 /* [CP] Copy Pods Resources */,
			);
			buildRules = (
			);
			dependencies = (
			);
			name = RSSReader;
			productName = RSSReader;
			productReference = 54167AE61E560F55000C4444 /* RSSReader.app */;
			productType = "com.apple.product-type.application";
		};
		54167AFE1E560F55000C4444 /* RSSReaderTests */ = {
			isa = PBXNativeTarget;
			buildConfigurationList = 54167B161E560F56000C4444 /* Build configuration list for PBXNativeTarget "RSSReaderTests" */;
			buildPhases = (
				54167AFB1E560F55000C4444 /* Sources */,
				54167AFC1E560F55000C4444 /* Frameworks */,
				54167AFD1E560F55000C4444 /* Resources */,
			);
			buildRules = (
			);
			dependencies = (
				54167B011E560F55000C4444 /* PBXTargetDependency */,
			);
			name = RSSReaderTests;
			productName = RSSReaderTests;
			productReference = 54167AFF1E560F55000C4444 /* RSSReaderTests.xctest */;
			productType = "com.apple.product-type.bundle.unit-test";
		};
		54167B091E560F55000C4444 /* RSSReaderUITests */ = {
			isa = PBXNativeTarget;
			buildConfigurationList = 54167B191E560F56000C4444 /* Build configuration list for PBXNativeTarget "RSSReaderUITests" */;
			buildPhases = (
				54167B061E560F55000C4444 /* Sources */,
				54167B071E560F55000C4444 /* Frameworks */,
				54167B081E560F55000C4444 /* Resources */,
			);
			buildRules = (
			);
			dependencies = (
				54167B0C1E560F55000C4444 /* PBXTargetDependency */,
			);
			name = RSSReaderUITests;
			productName = RSSReaderUITests;
			productReference = 54167B0A1E560F55000C4444 /* RSSReaderUITests.xctest */;
			productType = "com.apple.product-type.bundle.ui-testing";
		};
/* End PBXNativeTarget section */

/* Begin PBXProject section */
		54167ADE1E560F55000C4444 /* Project object */ = {
			isa = PBXProject;
			attributes = {
				LastUpgradeCheck = 0820;
				ORGANIZATIONNAME = "Katrin Mazalova";
				TargetAttributes = {
					54167AE51E560F55000C4444 = {
						CreatedOnToolsVersion = 8.2.1;
						DevelopmentTeam = HCPP4HRP4L;
						ProvisioningStyle = Automatic;
					};
					54167AFE1E560F55000C4444 = {
						CreatedOnToolsVersion = 8.2.1;
						DevelopmentTeam = HCPP4HRP4L;
						ProvisioningStyle = Automatic;
						TestTargetID = 54167AE51E560F55000C4444;
					};
					54167B091E560F55000C4444 = {
						CreatedOnToolsVersion = 8.2.1;
						DevelopmentTeam = HCPP4HRP4L;
						ProvisioningStyle = Automatic;
						TestTargetID = 54167AE51E560F55000C4444;
					};
				};
			};
			buildConfigurationList = 54167AE11E560F55000C4444 /* Build configuration list for PBXProject "RSSReader" */;
			compatibilityVersion = "Xcode 3.2";
			developmentRegion = English;
			hasScannedForEncodings = 0;
			knownRegions = (
				en,
				Base,
				ru,
			);
			mainGroup = 54167ADD1E560F55000C4444;
			productRefGroup = 54167AE71E560F55000C4444 /* Products */;
			projectDirPath = "";
			projectRoot = "";
			targets = (
				54167AE51E560F55000C4444 /* RSSReader */,
				54167AFE1E560F55000C4444 /* RSSReaderTests */,
				54167B091E560F55000C4444 /* RSSReaderUITests */,
			);
		};
/* End PBXProject section */

/* Begin PBXResourcesBuildPhase section */
		54167AE41E560F55000C4444 /* Resources */ = {
			isa = PBXResourcesBuildPhase;
			buildActionMask = 2147483647;
			files = (
				54167AF91E560F55000C4444 /* LaunchScreen.storyboard in Resources */,
				54973AA41E599CDB008012F2 /* Localizable.strings in Resources */,
				54167AF61E560F55000C4444 /* Assets.xcassets in Resources */,
				54167AF41E560F55000C4444 /* Main.storyboard in Resources */,
			);
			runOnlyForDeploymentPostprocessing = 0;
		};
		54167AFD1E560F55000C4444 /* Resources */ = {
			isa = PBXResourcesBuildPhase;
			buildActionMask = 2147483647;
			files = (
			);
			runOnlyForDeploymentPostprocessing = 0;
		};
		54167B081E560F55000C4444 /* Resources */ = {
			isa = PBXResourcesBuildPhase;
			buildActionMask = 2147483647;
			files = (
			);
			runOnlyForDeploymentPostprocessing = 0;
		};
/* End PBXResourcesBuildPhase section */

/* Begin PBXShellScriptBuildPhase section */
		4425A13B5AE0BD009EB1B478 /* [CP] Embed Pods Frameworks */ = {
			isa = PBXShellScriptBuildPhase;
			buildActionMask = 2147483647;
			files = (
			);
			inputPaths = (
			);
			name = "[CP] Embed Pods Frameworks";
			outputPaths = (
			);
			runOnlyForDeploymentPostprocessing = 0;
			shellPath = /bin/sh;
			shellScript = "\"${SRCROOT}/Pods/Target Support Files/Pods-RSSReader/Pods-RSSReader-frameworks.sh\"\n";
			showEnvVarsInLog = 0;
		};
		4F25AD9DA44E3DACF9C89E09 /* [CP] Check Pods Manifest.lock */ = {
			isa = PBXShellScriptBuildPhase;
			buildActionMask = 2147483647;
			files = (
			);
			inputPaths = (
			);
			name = "[CP] Check Pods Manifest.lock";
			outputPaths = (
			);
			runOnlyForDeploymentPostprocessing = 0;
			shellPath = /bin/sh;
			shellScript = "diff \"${PODS_ROOT}/../Podfile.lock\" \"${PODS_ROOT}/Manifest.lock\" > /dev/null\nif [ $? != 0 ] ; then\n    # print error to STDERR\n    echo \"error: The sandbox is not in sync with the Podfile.lock. Run 'pod install' or update your CocoaPods installation.\" >&2\n    exit 1\nfi\n";
			showEnvVarsInLog = 0;
		};
		5AC67EC5A8728BF80E016BA2 /* [CP] Copy Pods Resources */ = {
			isa = PBXShellScriptBuildPhase;
			buildActionMask = 2147483647;
			files = (
			);
			inputPaths = (
			);
			name = "[CP] Copy Pods Resources";
			outputPaths = (
			);
			runOnlyForDeploymentPostprocessing = 0;
			shellPath = /bin/sh;
			shellScript = "\"${SRCROOT}/Pods/Target Support Files/Pods-RSSReader/Pods-RSSReader-resources.sh\"\n";
			showEnvVarsInLog = 0;
		};
/* End PBXShellScriptBuildPhase section */

/* Begin PBXSourcesBuildPhase section */
		54167AE21E560F55000C4444 /* Sources */ = {
			isa = PBXSourcesBuildPhase;
			buildActionMask = 2147483647;
			files = (
				54973AB21E59AC16008012F2 /* AlertHelper.m in Sources */,
				54E0CF0C1E5776CA0067384E /* NewsListDataDisplayManager.m in Sources */,
				54167AEE1E560F55000C4444 /* AppDelegate.m in Sources */,
				54E0CF151E578EBF0067384E /* NewsListTableViewCell.m in Sources */,
				54167AEB1E560F55000C4444 /* main.m in Sources */,
				54167B3A1E575C19000C4444 /* NewsListPresenter.m in Sources */,
				54E0CF2C1E5873770067384E /* NSString+Extension.m in Sources */,
				54167B2C1E570E62000C4444 /* NewsListInteractor.m in Sources */,
				54167B311E57121A000C4444 /* XMLParserImplementation.m in Sources */,
				54973AC21E5A35FA008012F2 /* NSDate+Extension.m in Sources */,
				54973AAE1E59A811008012F2 /* ErrorHandler.m in Sources */,
				54973AA11E598A6C008012F2 /* TopMostHUDManager.m in Sources */,
				54E0CF1C1E579CD60067384E /* NewsTableViewCellObject.m in Sources */,
				54167B361E5746E6000C4444 /* NewsListViewController.m in Sources */,
				54E0CF251E583DB70067384E /* NewsListAssembly.m in Sources */,
				54973AD31E5E3205008012F2 /* Constant.m in Sources */,
			);
			runOnlyForDeploymentPostprocessing = 0;
		};
		54167AFB1E560F55000C4444 /* Sources */ = {
			isa = PBXSourcesBuildPhase;
			buildActionMask = 2147483647;
			files = (
				54167B041E560F55000C4444 /* RSSReaderTests.m in Sources */,
			);
			runOnlyForDeploymentPostprocessing = 0;
		};
		54167B061E560F55000C4444 /* Sources */ = {
			isa = PBXSourcesBuildPhase;
			buildActionMask = 2147483647;
			files = (
				54167B0F1E560F55000C4444 /* RSSReaderUITests.m in Sources */,
			);
			runOnlyForDeploymentPostprocessing = 0;
		};
/* End PBXSourcesBuildPhase section */

/* Begin PBXTargetDependency section */
		54167B011E560F55000C4444 /* PBXTargetDependency */ = {
			isa = PBXTargetDependency;
			target = 54167AE51E560F55000C4444 /* RSSReader */;
			targetProxy = 54167B001E560F55000C4444 /* PBXContainerItemProxy */;
		};
		54167B0C1E560F55000C4444 /* PBXTargetDependency */ = {
			isa = PBXTargetDependency;
			target = 54167AE51E560F55000C4444 /* RSSReader */;
			targetProxy = 54167B0B1E560F55000C4444 /* PBXContainerItemProxy */;
		};
/* End PBXTargetDependency section */

/* Begin PBXVariantGroup section */
		54167AF21E560F55000C4444 /* Main.storyboard */ = {
			isa = PBXVariantGroup;
			children = (
				54167AF31E560F55000C4444 /* Base */,
				54973AA71E599D89008012F2 /* ru */,
			);
			name = Main.storyboard;
			sourceTree = "<group>";
		};
		54167AF71E560F55000C4444 /* LaunchScreen.storyboard */ = {
			isa = PBXVariantGroup;
			children = (
				54167AF81E560F55000C4444 /* Base */,
				54973AA81E599D89008012F2 /* ru */,
			);
			name = LaunchScreen.storyboard;
			sourceTree = "<group>";
		};
		54973AA61E599CDB008012F2 /* Localizable.strings */ = {
			isa = PBXVariantGroup;
			children = (
				54973AA51E599CDB008012F2 /* Base */,
				54973AA91E599D89008012F2 /* ru */,
			);
			name = Localizable.strings;
			sourceTree = "<group>";
		};
/* End PBXVariantGroup section */

/* Begin XCBuildConfiguration section */
		54167B111E560F56000C4444 /* Debug */ = {
			isa = XCBuildConfiguration;
			buildSettings = {
				ALWAYS_SEARCH_USER_PATHS = NO;
				CLANG_ANALYZER_LOCALIZABILITY_NONLOCALIZED = YES;
				CLANG_ANALYZER_NONNULL = YES;
				CLANG_CXX_LANGUAGE_STANDARD = "gnu++0x";
				CLANG_CXX_LIBRARY = "libc++";
				CLANG_ENABLE_MODULES = YES;
				CLANG_ENABLE_OBJC_ARC = YES;
				CLANG_WARN_BOOL_CONVERSION = YES;
				CLANG_WARN_CONSTANT_CONVERSION = YES;
				CLANG_WARN_DIRECT_OBJC_ISA_USAGE = YES_ERROR;
				CLANG_WARN_DOCUMENTATION_COMMENTS = YES;
				CLANG_WARN_EMPTY_BODY = YES;
				CLANG_WARN_ENUM_CONVERSION = YES;
				CLANG_WARN_INFINITE_RECURSION = YES;
				CLANG_WARN_INT_CONVERSION = YES;
				CLANG_WARN_OBJC_ROOT_CLASS = YES_ERROR;
				CLANG_WARN_SUSPICIOUS_MOVE = YES;
				CLANG_WARN_UNREACHABLE_CODE = YES;
				CLANG_WARN__DUPLICATE_METHOD_MATCH = YES;
				"CODE_SIGN_IDENTITY[sdk=iphoneos*]" = "iPhone Developer";
				COPY_PHASE_STRIP = NO;
				DEBUG_INFORMATION_FORMAT = dwarf;
				ENABLE_STRICT_OBJC_MSGSEND = YES;
				ENABLE_TESTABILITY = YES;
				GCC_C_LANGUAGE_STANDARD = gnu99;
				GCC_DYNAMIC_NO_PIC = NO;
				GCC_NO_COMMON_BLOCKS = YES;
				GCC_OPTIMIZATION_LEVEL = 0;
				GCC_PREFIX_HEADER = "$(SRCROOT)/RSSReader/PrefixHeader.pch";
				GCC_PREPROCESSOR_DEFINITIONS = (
					"DEBUG=1",
					"$(inherited)",
				);
				GCC_WARN_64_TO_32_BIT_CONVERSION = YES;
				GCC_WARN_ABOUT_RETURN_TYPE = YES_ERROR;
				GCC_WARN_UNDECLARED_SELECTOR = YES;
				GCC_WARN_UNINITIALIZED_AUTOS = YES_AGGRESSIVE;
				GCC_WARN_UNUSED_FUNCTION = YES;
				GCC_WARN_UNUSED_VARIABLE = YES;
				IPHONEOS_DEPLOYMENT_TARGET = 10.2;
				MTL_ENABLE_DEBUG_INFO = YES;
				ONLY_ACTIVE_ARCH = YES;
				SDKROOT = iphoneos;
			};
			name = Debug;
		};
		54167B121E560F56000C4444 /* Release */ = {
			isa = XCBuildConfiguration;
			buildSettings = {
				ALWAYS_SEARCH_USER_PATHS = NO;
				CLANG_ANALYZER_LOCALIZABILITY_NONLOCALIZED = YES;
				CLANG_ANALYZER_NONNULL = YES;
				CLANG_CXX_LANGUAGE_STANDARD = "gnu++0x";
				CLANG_CXX_LIBRARY = "libc++";
				CLANG_ENABLE_MODULES = YES;
				CLANG_ENABLE_OBJC_ARC = YES;
				CLANG_WARN_BOOL_CONVERSION = YES;
				CLANG_WARN_CONSTANT_CONVERSION = YES;
				CLANG_WARN_DIRECT_OBJC_ISA_USAGE = YES_ERROR;
				CLANG_WARN_DOCUMENTATION_COMMENTS = YES;
				CLANG_WARN_EMPTY_BODY = YES;
				CLANG_WARN_ENUM_CONVERSION = YES;
				CLANG_WARN_INFINITE_RECURSION = YES;
				CLANG_WARN_INT_CONVERSION = YES;
				CLANG_WARN_OBJC_ROOT_CLASS = YES_ERROR;
				CLANG_WARN_SUSPICIOUS_MOVE = YES;
				CLANG_WARN_UNREACHABLE_CODE = YES;
				CLANG_WARN__DUPLICATE_METHOD_MATCH = YES;
				"CODE_SIGN_IDENTITY[sdk=iphoneos*]" = "iPhone Developer";
				COPY_PHASE_STRIP = NO;
				DEBUG_INFORMATION_FORMAT = "dwarf-with-dsym";
				ENABLE_NS_ASSERTIONS = NO;
				ENABLE_STRICT_OBJC_MSGSEND = YES;
				GCC_C_LANGUAGE_STANDARD = gnu99;
				GCC_NO_COMMON_BLOCKS = YES;
				GCC_PREFIX_HEADER = "$(SRCROOT)/RSSReader/PrefixHeader.pch";
				GCC_WARN_64_TO_32_BIT_CONVERSION = YES;
				GCC_WARN_ABOUT_RETURN_TYPE = YES_ERROR;
				GCC_WARN_UNDECLARED_SELECTOR = YES;
				GCC_WARN_UNINITIALIZED_AUTOS = YES_AGGRESSIVE;
				GCC_WARN_UNUSED_FUNCTION = YES;
				GCC_WARN_UNUSED_VARIABLE = YES;
				IPHONEOS_DEPLOYMENT_TARGET = 10.2;
				MTL_ENABLE_DEBUG_INFO = NO;
				SDKROOT = iphoneos;
				VALIDATE_PRODUCT = YES;
			};
			name = Release;
		};
		54167B141E560F56000C4444 /* Debug */ = {
			isa = XCBuildConfiguration;
			baseConfigurationReference = C099F0ADBC13FE98D919CDDC /* Pods-RSSReader.debug.xcconfig */;
			buildSettings = {
				ASSETCATALOG_COMPILER_APPICON_NAME = AppIcon;
				DEVELOPMENT_TEAM = HCPP4HRP4L;
				INFOPLIST_FILE = RSSReader/Info.plist;
				LD_RUNPATH_SEARCH_PATHS = "$(inherited) @executable_path/Frameworks";
				PRODUCT_BUNDLE_IDENTIFIER = test.kate.com.RSSReader;
				PRODUCT_NAME = "$(TARGET_NAME)";
			};
			name = Debug;
		};
		54167B151E560F56000C4444 /* Release */ = {
			isa = XCBuildConfiguration;
			baseConfigurationReference = 3AE1F56D65E2E15209A09D27 /* Pods-RSSReader.release.xcconfig */;
			buildSettings = {
				ASSETCATALOG_COMPILER_APPICON_NAME = AppIcon;
				DEVELOPMENT_TEAM = HCPP4HRP4L;
				INFOPLIST_FILE = RSSReader/Info.plist;
				LD_RUNPATH_SEARCH_PATHS = "$(inherited) @executable_path/Frameworks";
				PRODUCT_BUNDLE_IDENTIFIER = test.kate.com.RSSReader;
				PRODUCT_NAME = "$(TARGET_NAME)";
			};
			name = Release;
		};
		54167B171E560F56000C4444 /* Debug */ = {
			isa = XCBuildConfiguration;
			buildSettings = {
				BUNDLE_LOADER = "$(TEST_HOST)";
				DEVELOPMENT_TEAM = HCPP4HRP4L;
				INFOPLIST_FILE = RSSReaderTests/Info.plist;
				LD_RUNPATH_SEARCH_PATHS = "$(inherited) @executable_path/Frameworks @loader_path/Frameworks";
				PRODUCT_BUNDLE_IDENTIFIER = test.kate.com.RSSReaderTests;
				PRODUCT_NAME = "$(TARGET_NAME)";
				TEST_HOST = "$(BUILT_PRODUCTS_DIR)/RSSReader.app/RSSReader";
			};
			name = Debug;
		};
		54167B181E560F56000C4444 /* Release */ = {
			isa = XCBuildConfiguration;
			buildSettings = {
				BUNDLE_LOADER = "$(TEST_HOST)";
				DEVELOPMENT_TEAM = HCPP4HRP4L;
				INFOPLIST_FILE = RSSReaderTests/Info.plist;
				LD_RUNPATH_SEARCH_PATHS = "$(inherited) @executable_path/Frameworks @loader_path/Frameworks";
				PRODUCT_BUNDLE_IDENTIFIER = test.kate.com.RSSReaderTests;
				PRODUCT_NAME = "$(TARGET_NAME)";
				TEST_HOST = "$(BUILT_PRODUCTS_DIR)/RSSReader.app/RSSReader";
			};
			name = Release;
		};
		54167B1A1E560F56000C4444 /* Debug */ = {
			isa = XCBuildConfiguration;
			buildSettings = {
				DEVELOPMENT_TEAM = HCPP4HRP4L;
				INFOPLIST_FILE = RSSReaderUITests/Info.plist;
				LD_RUNPATH_SEARCH_PATHS = "$(inherited) @executable_path/Frameworks @loader_path/Frameworks";
				PRODUCT_BUNDLE_IDENTIFIER = test.kate.com.RSSReaderUITests;
				PRODUCT_NAME = "$(TARGET_NAME)";
				TEST_TARGET_NAME = RSSReader;
			};
			name = Debug;
		};
		54167B1B1E560F56000C4444 /* Release */ = {
			isa = XCBuildConfiguration;
			buildSettings = {
				DEVELOPMENT_TEAM = HCPP4HRP4L;
				INFOPLIST_FILE = RSSReaderUITests/Info.plist;
				LD_RUNPATH_SEARCH_PATHS = "$(inherited) @executable_path/Frameworks @loader_path/Frameworks";
				PRODUCT_BUNDLE_IDENTIFIER = test.kate.com.RSSReaderUITests;
				PRODUCT_NAME = "$(TARGET_NAME)";
				TEST_TARGET_NAME = RSSReader;
			};
			name = Release;
		};
/* End XCBuildConfiguration section */

/* Begin XCConfigurationList section */
		54167AE11E560F55000C4444 /* Build configuration list for PBXProject "RSSReader" */ = {
			isa = XCConfigurationList;
			buildConfigurations = (
				54167B111E560F56000C4444 /* Debug */,
				54167B121E560F56000C4444 /* Release */,
			);
			defaultConfigurationIsVisible = 0;
			defaultConfigurationName = Release;
		};
		54167B131E560F56000C4444 /* Build configuration list for PBXNativeTarget "RSSReader" */ = {
			isa = XCConfigurationList;
			buildConfigurations = (
				54167B141E560F56000C4444 /* Debug */,
				54167B151E560F56000C4444 /* Release */,
			);
			defaultConfigurationIsVisible = 0;
			defaultConfigurationName = Release;
		};
		54167B161E560F56000C4444 /* Build configuration list for PBXNativeTarget "RSSReaderTests" */ = {
			isa = XCConfigurationList;
			buildConfigurations = (
				54167B171E560F56000C4444 /* Debug */,
				54167B181E560F56000C4444 /* Release */,
			);
			defaultConfigurationIsVisible = 0;
			defaultConfigurationName = Release;
		};
		54167B191E560F56000C4444 /* Build configuration list for PBXNativeTarget "RSSReaderUITests" */ = {
			isa = XCConfigurationList;
			buildConfigurations = (
				54167B1A1E560F56000C4444 /* Debug */,
				54167B1B1E560F56000C4444 /* Release */,
			);
			defaultConfigurationIsVisible = 0;
			defaultConfigurationName = Release;
		};
/* End XCConfigurationList section */
	};
	rootObject = 54167ADE1E560F55000C4444 /* Project object */;
}
